
Microsoft Visual Studio Solution File, Format Version 12.00
# Visual Studio 14
VisualStudioVersion = 14.0.25420.1
MinimumVisualStudioVersion = 10.0.40219.1
Project("{FAE04EC0-301F-11D3-BF4B-00C04F79EFBC}") = "ORM", "ORM\ORM.csproj", "{50C17C5D-81DC-4203-A4FC-38B4EDB866DC}"
EndProject
Project("{FAE04EC0-301F-11D3-BF4B-00C04F79EFBC}") = "DAL", "DAL\DAL.csproj", "{2EE84E52-B9D1-497B-9AD7-974FA584ECDC}"
EndProject
Project("{FAE04EC0-301F-11D3-BF4B-00C04F79EFBC}") = "BLL", "BLL\BLL.csproj", "{14DA1F5D-04FF-413A-BFEA-D03994226A64}"
EndProject
Project("{FAE04EC0-301F-11D3-BF4B-00C04F79EFBC}") = "DependencyResolver", "DependencyResolver\DependencyResolver.csproj", "{4F8A7CB9-B371-4E90-89E0-62B1907B4FF3}"
EndProject
Project("{FAE04EC0-301F-11D3-BF4B-00C04F79EFBC}") = "DAL.Interface", "DAL.Interface\DAL.Interface.csproj", "{71EBAF2D-5D40-4269-9B42-0929B2F6F79E}"
EndProject
Project("{FAE04EC0-301F-11D3-BF4B-00C04F79EFBC}") = "BLL.Interface", "BLL.Interface\BLL.Interface.csproj", "{CE141F9E-335D-4309-BBCD-51943D336E7F}"
EndProject
Project("{FAE04EC0-301F-11D3-BF4B-00C04F79EFBC}") = "MvcPL", "MvcPL\MvcPL.csproj", "{EEFADE84-EAAC-484F-B0A6-77F808611529}"
EndProject
Global
	GlobalSection(SolutionConfigurationPlatforms) = preSolution
		Debug|Any CPU = Debug|Any CPU
		Release|Any CPU = Release|Any CPU
	EndGlobalSection
	GlobalSection(ProjectConfigurationPlatforms) = postSolution
		{50C17C5D-81DC-4203-A4FC-38B4EDB866DC}.Debug|Any CPU.ActiveCfg = Debug|Any CPU
		{50C17C5D-81DC-4203-A4FC-38B4EDB866DC}.Debug|Any CPU.Build.0 = Debug|Any CPU
		{50C17C5D-81DC-4203-A4FC-38B4EDB866DC}.Release|Any CPU.ActiveCfg = Release|Any CPU
		{50C17C5D-81DC-4203-A4FC-38B4EDB866DC}.Release|Any CPU.Build.0 = Release|Any CPU
		{2EE84E52-B9D1-497B-9AD7-974FA584ECDC}.Debug|Any CPU.ActiveCfg = Debug|Any CPU
		{2EE84E52-B9D1-497B-9AD7-974FA584ECDC}.Debug|Any CPU.Build.0 = Debug|Any CPU
		{2EE84E52-B9D1-497B-9AD7-974FA584ECDC}.Release|Any CPU.ActiveCfg = Release|Any CPU
		{2EE84E52-B9D1-497B-9AD7-974FA584ECDC}.Release|Any CPU.Build.0 = Release|Any CPU
		{14DA1F5D-04FF-413A-BFEA-D03994226A64}.Debug|Any CPU.ActiveCfg = Debug|Any CPU
		{14DA1F5D-04FF-413A-BFEA-D03994226A64}.Debug|Any CPU.Build.0 = Debug|Any CPU
		{14DA1F5D-04FF-413A-BFEA-D03994226A64}.Release|Any CPU.ActiveCfg = Release|Any CPU
		{14DA1F5D-04FF-413A-BFEA-D03994226A64}.Release|Any CPU.Build.0 = Release|Any CPU
		{4F8A7CB9-B371-4E90-89E0-62B1907B4FF3}.Debug|Any CPU.ActiveCfg = Debug|Any CPU
		{4F8A7CB9-B371-4E90-89E0-62B1907B4FF3}.Debug|Any CPU.Build.0 = Debug|Any CPU
		{4F8A7CB9-B371-4E90-89E0-62B1907B4FF3}.Release|Any CPU.ActiveCfg = Release|Any CPU
		{4F8A7CB9-B371-4E90-89E0-62B1907B4FF3}.Release|Any CPU.Build.0 = Release|Any CPU
		{71EBAF2D-5D40-4269-9B42-0929B2F6F79E}.Debug|Any CPU.ActiveCfg = Debug|Any CPU
		{71EBAF2D-5D40-4269-9B42-0929B2F6F79E}.Debug|Any CPU.Build.0 = Debug|Any CPU
		{71EBAF2D-5D40-4269-9B42-0929B2F6F79E}.Release|Any CPU.ActiveCfg = Release|Any CPU
		{71EBAF2D-5D40-4269-9B42-0929B2F6F79E}.Release|Any CPU.Build.0 = Release|Any CPU
		{CE141F9E-335D-4309-BBCD-51943D336E7F}.Debug|Any CPU.ActiveCfg = Debug|Any CPU
		{CE141F9E-335D-4309-BBCD-51943D336E7F}.Debug|Any CPU.Build.0 = Debug|Any CPU
		{CE141F9E-335D-4309-BBCD-51943D336E7F}.Release|Any CPU.ActiveCfg = Release|Any CPU
		{CE141F9E-335D-4309-BBCD-51943D336E7F}.Release|Any CPU.Build.0 = Release|Any CPU
		{EEFADE84-EAAC-484F-B0A6-77F808611529}.Debug|Any CPU.ActiveCfg = Debug|Any CPU
		{EEFADE84-EAAC-484F-B0A6-77F808611529}.Debug|Any CPU.Build.0 = Debug|Any CPU
		{EEFADE84-EAAC-484F-B0A6-77F808611529}.Release|Any CPU.ActiveCfg = Release|Any CPU
		{EEFADE84-EAAC-484F-B0A6-77F808611529}.Release|Any CPU.Build.0 = Release|Any CPU
	EndGlobalSection
	GlobalSection(SolutionProperties) = preSolution
		HideSolutionNode = FALSE
	EndGlobalSection
EndGlobal
